
Microsoft Visual Studio Solution File, Format Version 12.00
# Visual Studio 15
VisualStudioVersion = 15.0.27703.2026
MinimumVisualStudioVersion = 10.0.40219.1
Project("{9A19103F-16F7-4668-BE54-9A1E7A4F7556}") = "MultiServiceApp.Proxies", "MultiServiceApp.Proxies\MultiServiceApp.Proxies.csproj", "{A5B76BC0-597D-435B-88F5-6BEB47BABC97}"
EndProject
Project("{9A19103F-16F7-4668-BE54-9A1E7A4F7556}") = "MultiServiceApp.WebApp1", "MultiServiceApp.WebApp1\MultiServiceApp.WebApp1.csproj", "{7DBCA72F-4C43-473E-9D40-0804B755522A}"
EndProject
Project("{9A19103F-16F7-4668-BE54-9A1E7A4F7556}") = "MultiServiceApp.WebApp2", "MultiServiceApp.WebApp2\MultiServiceApp.WebApp2.csproj", "{C5B32691-C5F8-4CE0-980D-AA8D369773EA}"
EndProject
Project("{9A19103F-16F7-4668-BE54-9A1E7A4F7556}") = "MultiServiceApp.WebApp3", "MultiServiceApp.WebApp3\MultiServiceApp.WebApp3.csproj", "{EFD8E6A2-1454-424F-A3C2-C2A171ABF6AB}"
EndProject
Project("{9A19103F-16F7-4668-BE54-9A1E7A4F7556}") = "StandAloneApp.WebApi", "StandAloneApp.WebApi\StandAloneApp.WebApi.csproj", "{F6660B2E-1D61-43EE-97A6-F41129E62D2D}"
EndProject
Project("{2150E333-8FDC-42A3-9474-1A3956D46DE8}") = "Scenario 1", "Scenario 1", "{77A2AEBA-91F7-4E06-8A33-987DAFE46696}"
EndProject
Project("{2150E333-8FDC-42A3-9474-1A3956D46DE8}") = "Scenario 2", "Scenario 2", "{81EE7CE6-F824-4A54-910F-DECC65027CB4}"
EndProject
Project("{9A19103F-16F7-4668-BE54-9A1E7A4F7556}") = "StandAloneApp.Business", "StandAloneApp.Business\StandAloneApp.Business.csproj", "{F8BDA85E-4628-4D82-BC3D-44EFE7334F54}"
EndProject
Project("{9A19103F-16F7-4668-BE54-9A1E7A4F7556}") = "StandAloneApp.Infra", "StandAloneApp.Infra\StandAloneApp.Infra.csproj", "{0E7749EA-8F8E-454A-B6B8-C38CA8F64D32}"
EndProject
Global
	GlobalSection(SolutionConfigurationPlatforms) = preSolution
		Debug|Any CPU = Debug|Any CPU
		Release|Any CPU = Release|Any CPU
	EndGlobalSection
	GlobalSection(ProjectConfigurationPlatforms) = postSolution
		{A5B76BC0-597D-435B-88F5-6BEB47BABC97}.Debug|Any CPU.ActiveCfg = Debug|Any CPU
		{A5B76BC0-597D-435B-88F5-6BEB47BABC97}.Debug|Any CPU.Build.0 = Debug|Any CPU
		{A5B76BC0-597D-435B-88F5-6BEB47BABC97}.Release|Any CPU.ActiveCfg = Release|Any CPU
		{A5B76BC0-597D-435B-88F5-6BEB47BABC97}.Release|Any CPU.Build.0 = Release|Any CPU
		{7DBCA72F-4C43-473E-9D40-0804B755522A}.Debug|Any CPU.ActiveCfg = Debug|Any CPU
		{7DBCA72F-4C43-473E-9D40-0804B755522A}.Debug|Any CPU.Build.0 = Debug|Any CPU
		{7DBCA72F-4C43-473E-9D40-0804B755522A}.Release|Any CPU.ActiveCfg = Release|Any CPU
		{7DBCA72F-4C43-473E-9D40-0804B755522A}.Release|Any CPU.Build.0 = Release|Any CPU
		{C5B32691-C5F8-4CE0-980D-AA8D369773EA}.Debug|Any CPU.ActiveCfg = Debug|Any CPU
		{C5B32691-C5F8-4CE0-980D-AA8D369773EA}.Debug|Any CPU.Build.0 = Debug|Any CPU
		{C5B32691-C5F8-4CE0-980D-AA8D369773EA}.Release|Any CPU.ActiveCfg = Release|Any CPU
		{C5B32691-C5F8-4CE0-980D-AA8D369773EA}.Release|Any CPU.Build.0 = Release|Any CPU
		{EFD8E6A2-1454-424F-A3C2-C2A171ABF6AB}.Debug|Any CPU.ActiveCfg = Debug|Any CPU
		{EFD8E6A2-1454-424F-A3C2-C2A171ABF6AB}.Debug|Any CPU.Build.0 = Debug|Any CPU
		{EFD8E6A2-1454-424F-A3C2-C2A171ABF6AB}.Release|Any CPU.ActiveCfg = Release|Any CPU
		{EFD8E6A2-1454-424F-A3C2-C2A171ABF6AB}.Release|Any CPU.Build.0 = Release|Any CPU
		{F6660B2E-1D61-43EE-97A6-F41129E62D2D}.Debug|Any CPU.ActiveCfg = Debug|Any CPU
		{F6660B2E-1D61-43EE-97A6-F41129E62D2D}.Debug|Any CPU.Build.0 = Debug|Any CPU
		{F6660B2E-1D61-43EE-97A6-F41129E62D2D}.Release|Any CPU.ActiveCfg = Release|Any CPU
		{F6660B2E-1D61-43EE-97A6-F41129E62D2D}.Release|Any CPU.Build.0 = Release|Any CPU
		{F8BDA85E-4628-4D82-BC3D-44EFE7334F54}.Debug|Any CPU.ActiveCfg = Debug|Any CPU
		{F8BDA85E-4628-4D82-BC3D-44EFE7334F54}.Debug|Any CPU.Build.0 = Debug|Any CPU
		{F8BDA85E-4628-4D82-BC3D-44EFE7334F54}.Release|Any CPU.ActiveCfg = Release|Any CPU
		{F8BDA85E-4628-4D82-BC3D-44EFE7334F54}.Release|Any CPU.Build.0 = Release|Any CPU
		{0E7749EA-8F8E-454A-B6B8-C38CA8F64D32}.Debug|Any CPU.ActiveCfg = Debug|Any CPU
		{0E7749EA-8F8E-454A-B6B8-C38CA8F64D32}.Debug|Any CPU.Build.0 = Debug|Any CPU
		{0E7749EA-8F8E-454A-B6B8-C38CA8F64D32}.Release|Any CPU.ActiveCfg = Release|Any CPU
		{0E7749EA-8F8E-454A-B6B8-C38CA8F64D32}.Release|Any CPU.Build.0 = Release|Any CPU
	EndGlobalSection
	GlobalSection(SolutionProperties) = preSolution
		HideSolutionNode = FALSE
	EndGlobalSection
	GlobalSection(NestedProjects) = preSolution
		{A5B76BC0-597D-435B-88F5-6BEB47BABC97} = {81EE7CE6-F824-4A54-910F-DECC65027CB4}
		{7DBCA72F-4C43-473E-9D40-0804B755522A} = {81EE7CE6-F824-4A54-910F-DECC65027CB4}
		{C5B32691-C5F8-4CE0-980D-AA8D369773EA} = {81EE7CE6-F824-4A54-910F-DECC65027CB4}
		{EFD8E6A2-1454-424F-A3C2-C2A171ABF6AB} = {81EE7CE6-F824-4A54-910F-DECC65027CB4}
		{F6660B2E-1D61-43EE-97A6-F41129E62D2D} = {77A2AEBA-91F7-4E06-8A33-987DAFE46696}
		{F8BDA85E-4628-4D82-BC3D-44EFE7334F54} = {77A2AEBA-91F7-4E06-8A33-987DAFE46696}
		{0E7749EA-8F8E-454A-B6B8-C38CA8F64D32} = {77A2AEBA-91F7-4E06-8A33-987DAFE46696}
	EndGlobalSection
	GlobalSection(ExtensibilityGlobals) = postSolution
		SolutionGuid = {5DF75A72-FAA8-46C1-AFE6-2A908E7D0878}
	EndGlobalSection
EndGlobal
